
Microsoft Visual Studio Solution File, Format Version 12.00
# Visual Studio Version 17
VisualStudioVersion = 17.7.34221.43
MinimumVisualStudioVersion = 10.0.40219.1
Project("{9A19103F-16F7-4668-BE54-9A1E7A4F7556}") = "NetDot", "NetDot\NetDot.csproj", "{720274BA-7CFC-4490-A9B8-26CAF2A272F2}"
EndProject
Project("{FAE04EC0-301F-11D3-BF4B-00C04F79EFBC}") = "NetDotTests", "NetDotTests\NetDotTests.csproj", "{5F09372F-C33F-463A-BCF0-CE4AD1A1E88A}"
EndProject
Global
	GlobalSection(SolutionConfigurationPlatforms) = preSolution
		Debug|Any CPU = Debug|Any CPU
		Release|Any CPU = Release|Any CPU
	EndGlobalSection
	GlobalSection(ProjectConfigurationPlatforms) = postSolution
		{720274BA-7CFC-4490-A9B8-26CAF2A272F2}.Debug|Any CPU.ActiveCfg = Debug|Any CPU
		{720274BA-7CFC-4490-A9B8-26CAF2A272F2}.Debug|Any CPU.Build.0 = Debug|Any CPU
		{720274BA-7CFC-4490-A9B8-26CAF2A272F2}.Release|Any CPU.ActiveCfg = Release|Any CPU
		{720274BA-7CFC-4490-A9B8-26CAF2A272F2}.Release|Any CPU.Build.0 = Release|Any CPU
		{5F09372F-C33F-463A-BCF0-CE4AD1A1E88A}.Debug|Any CPU.ActiveCfg = Debug|Any CPU
		{5F09372F-C33F-463A-BCF0-CE4AD1A1E88A}.Debug|Any CPU.Build.0 = Debug|Any CPU
		{5F09372F-C33F-463A-BCF0-CE4AD1A1E88A}.Release|Any CPU.ActiveCfg = Release|Any CPU
		{5F09372F-C33F-463A-BCF0-CE4AD1A1E88A}.Release|Any CPU.Build.0 = Release|Any CPU
	EndGlobalSection
	GlobalSection(SolutionProperties) = preSolution
		HideSolutionNode = FALSE
	EndGlobalSection
	GlobalSection(ExtensibilityGlobals) = postSolution
		SolutionGuid = {5DD04934-A204-42A6-963F-31F9A5491068}
	EndGlobalSection
EndGlobal
